
Microsoft Visual Studio Solution File, Format Version 12.00
Project("{2150E333-8FDC-42A3-9474-1A3956D46DE8}") = "tests", "tests", "{11BAD609-DA07-4766-9A31-120AC5D36B2C}"
EndProject
Project("{FAE04EC0-301F-11D3-BF4B-00C04F79EFBC}") = "Domain.UnitTests", "Domain.UnitTests\Domain.UnitTests.csproj", "{E0721196-4E8E-4559-9956-A8CD384C1602}"
EndProject
Project("{2150E333-8FDC-42A3-9474-1A3956D46DE8}") = "Solution Items", "Solution Items", "{CA3C1E3E-01CD-460A-A7CE-1481934B71CF}"
	ProjectSection(SolutionItems) = preProject
		.gitignore = .gitignore
		secrets-example.json = secrets-example.json
		secrets.json = secrets.json
	EndProjectSection
EndProject
Project("{2150E333-8FDC-42A3-9474-1A3956D46DE8}") = "src", "src", "{E4DE1793-C2AD-4681-BE2E-01DA01C7979B}"
EndProject
Project("{FAE04EC0-301F-11D3-BF4B-00C04F79EFBC}") = "AppHost", "src\AppHost\AppHost.csproj", "{15974FD4-0056-4DCA-940D-3EDDC8386FE4}"
EndProject
Project("{FAE04EC0-301F-11D3-BF4B-00C04F79EFBC}") = "Application", "src\Application\Application.csproj", "{611BCAA7-B3F5-46A8-BBF0-F277EC4368D0}"
EndProject
Project("{FAE04EC0-301F-11D3-BF4B-00C04F79EFBC}") = "Domain", "src\Domain\Domain.csproj", "{2B5692D6-27A3-41B5-8D8D-51621878665F}"
EndProject
Project("{FAE04EC0-301F-11D3-BF4B-00C04F79EFBC}") = "Infrastructure", "src\Infrastructure\Infrastructure.csproj", "{54C60F71-9929-4D2C-92F4-690AFE5513EA}"
EndProject
Project("{FAE04EC0-301F-11D3-BF4B-00C04F79EFBC}") = "Web", "src\Web\Web.csproj", "{C14D3FAE-6AE1-458C-86C8-BB17B28DDDF4}"
EndProject
Project("{FAE04EC0-301F-11D3-BF4B-00C04F79EFBC}") = "Application.UnitTests", "tests\Application.UnitTests\Application.UnitTests.csproj", "{862F6391-8F21-44B0-B3C5-7884A01A7E55}"
EndProject
Project("{FAE04EC0-301F-11D3-BF4B-00C04F79EFBC}") = "Domain.UnitTests", "tests\Domain.UnitTests\Domain.UnitTests.csproj", "{7924A5C7-778D-438D-8039-88EC759743EC}"
EndProject
Global
	GlobalSection(SolutionConfigurationPlatforms) = preSolution
		Debug|Any CPU = Debug|Any CPU
		Release|Any CPU = Release|Any CPU
	EndGlobalSection
	GlobalSection(ProjectConfigurationPlatforms) = postSolution
		{E0721196-4E8E-4559-9956-A8CD384C1602}.Debug|Any CPU.ActiveCfg = Debug|Any CPU
		{E0721196-4E8E-4559-9956-A8CD384C1602}.Debug|Any CPU.Build.0 = Debug|Any CPU
		{E0721196-4E8E-4559-9956-A8CD384C1602}.Release|Any CPU.ActiveCfg = Release|Any CPU
		{E0721196-4E8E-4559-9956-A8CD384C1602}.Release|Any CPU.Build.0 = Release|Any CPU
		{15974FD4-0056-4DCA-940D-3EDDC8386FE4}.Debug|Any CPU.ActiveCfg = Debug|Any CPU
		{15974FD4-0056-4DCA-940D-3EDDC8386FE4}.Debug|Any CPU.Build.0 = Debug|Any CPU
		{15974FD4-0056-4DCA-940D-3EDDC8386FE4}.Release|Any CPU.ActiveCfg = Release|Any CPU
		{15974FD4-0056-4DCA-940D-3EDDC8386FE4}.Release|Any CPU.Build.0 = Release|Any CPU
		{611BCAA7-B3F5-46A8-BBF0-F277EC4368D0}.Debug|Any CPU.ActiveCfg = Debug|Any CPU
		{611BCAA7-B3F5-46A8-BBF0-F277EC4368D0}.Debug|Any CPU.Build.0 = Debug|Any CPU
		{611BCAA7-B3F5-46A8-BBF0-F277EC4368D0}.Release|Any CPU.ActiveCfg = Release|Any CPU
		{611BCAA7-B3F5-46A8-BBF0-F277EC4368D0}.Release|Any CPU.Build.0 = Release|Any CPU
		{2B5692D6-27A3-41B5-8D8D-51621878665F}.Debug|Any CPU.ActiveCfg = Debug|Any CPU
		{2B5692D6-27A3-41B5-8D8D-51621878665F}.Debug|Any CPU.Build.0 = Debug|Any CPU
		{2B5692D6-27A3-41B5-8D8D-51621878665F}.Release|Any CPU.ActiveCfg = Release|Any CPU
		{2B5692D6-27A3-41B5-8D8D-51621878665F}.Release|Any CPU.Build.0 = Release|Any CPU
		{54C60F71-9929-4D2C-92F4-690AFE5513EA}.Debug|Any CPU.ActiveCfg = Debug|Any CPU
		{54C60F71-9929-4D2C-92F4-690AFE5513EA}.Debug|Any CPU.Build.0 = Debug|Any CPU
		{54C60F71-9929-4D2C-92F4-690AFE5513EA}.Release|Any CPU.ActiveCfg = Release|Any CPU
		{54C60F71-9929-4D2C-92F4-690AFE5513EA}.Release|Any CPU.Build.0 = Release|Any CPU
		{C14D3FAE-6AE1-458C-86C8-BB17B28DDDF4}.Debug|Any CPU.ActiveCfg = Debug|Any CPU
		{C14D3FAE-6AE1-458C-86C8-BB17B28DDDF4}.Debug|Any CPU.Build.0 = Debug|Any CPU
		{C14D3FAE-6AE1-458C-86C8-BB17B28DDDF4}.Release|Any CPU.ActiveCfg = Release|Any CPU
		{C14D3FAE-6AE1-458C-86C8-BB17B28DDDF4}.Release|Any CPU.Build.0 = Release|Any CPU
		{862F6391-8F21-44B0-B3C5-7884A01A7E55}.Debug|Any CPU.ActiveCfg = Debug|Any CPU
		{862F6391-8F21-44B0-B3C5-7884A01A7E55}.Debug|Any CPU.Build.0 = Debug|Any CPU
		{862F6391-8F21-44B0-B3C5-7884A01A7E55}.Release|Any CPU.ActiveCfg = Release|Any CPU
		{862F6391-8F21-44B0-B3C5-7884A01A7E55}.Release|Any CPU.Build.0 = Release|Any CPU
		{7924A5C7-778D-438D-8039-88EC759743EC}.Debug|Any CPU.ActiveCfg = Debug|Any CPU
		{7924A5C7-778D-438D-8039-88EC759743EC}.Debug|Any CPU.Build.0 = Debug|Any CPU
		{7924A5C7-778D-438D-8039-88EC759743EC}.Release|Any CPU.ActiveCfg = Release|Any CPU
		{7924A5C7-778D-438D-8039-88EC759743EC}.Release|Any CPU.Build.0 = Release|Any CPU
	EndGlobalSection
	GlobalSection(NestedProjects) = preSolution
		{E0721196-4E8E-4559-9956-A8CD384C1602} = {11BAD609-DA07-4766-9A31-120AC5D36B2C}
		{15974FD4-0056-4DCA-940D-3EDDC8386FE4} = {E4DE1793-C2AD-4681-BE2E-01DA01C7979B}
		{611BCAA7-B3F5-46A8-BBF0-F277EC4368D0} = {E4DE1793-C2AD-4681-BE2E-01DA01C7979B}
		{2B5692D6-27A3-41B5-8D8D-51621878665F} = {E4DE1793-C2AD-4681-BE2E-01DA01C7979B}
		{54C60F71-9929-4D2C-92F4-690AFE5513EA} = {E4DE1793-C2AD-4681-BE2E-01DA01C7979B}
		{C14D3FAE-6AE1-458C-86C8-BB17B28DDDF4} = {E4DE1793-C2AD-4681-BE2E-01DA01C7979B}
		{862F6391-8F21-44B0-B3C5-7884A01A7E55} = {11BAD609-DA07-4766-9A31-120AC5D36B2C}
		{7924A5C7-778D-438D-8039-88EC759743EC} = {11BAD609-DA07-4766-9A31-120AC5D36B2C}
	EndGlobalSection
EndGlobal
